{
  "name": "quizzes",
  "version": "1.0.0",
  "lockfileVersion": 3,
  "requires": true,
  "packages": {
    "": {
      "name": "quizzes",
      "version": "1.0.0",
      "license": "ISC",
      "dependencies": {
        "ts-init": "^2.2.0"
      }
    },
    "node_modules/ts-init": {
      "version": "2.2.0",
      "resolved": "https://registry.npmjs.org/ts-init/-/ts-init-2.2.0.tgz",
      "integrity": "sha512-DZkcefxvzi15WYThX2KUQIyhHg6qRY9Tc1K91pUQUscn0wSHe7A764FyPX8J03g9YiaPdJiPJvMVia8/vvZuXQ==",
      "bin": {
        "ts-init": "index.js"
      }
    }
  }
}
